
Microsoft Visual Studio Solution File, Format Version 12.00
# Visual Studio Version 17
VisualStudioVersion = 17.7.34031.279
MinimumVisualStudioVersion = 10.0.40219.1
Project("{9A19103F-16F7-4668-BE54-9A1E7A4F7556}") = "Dashboard", "Dashboard\Dashboard.csproj", "{ED211E1C-6262-4033-8B61-10E3F2315D57}"
EndProject
Project("{9A19103F-16F7-4668-BE54-9A1E7A4F7556}") = "ViewModel", "ViewModel\ViewModel.csproj", "{3001CA4F-A1DB-41CF-924A-682ED124EFA6}"
EndProject
Project("{9A19103F-16F7-4668-BE54-9A1E7A4F7556}") = "SessionState", "SessionState\SessionState.csproj", "{917A7C83-2814-4FD6-8268-6D2D059864AB}"
EndProject
Project("{9A19103F-16F7-4668-BE54-9A1E7A4F7556}") = "Networking", "Networking\Networking.csproj", "{8BF88730-A8FF-490D-AAA5-CE88EC838675}"
EndProject
Project("{9A19103F-16F7-4668-BE54-9A1E7A4F7556}") = "Content", "Content\Content.csproj", "{0AAC81B1-DC6C-4541-B20B-CBB5CF5DADDE}"
EndProject
Project("{9A19103F-16F7-4668-BE54-9A1E7A4F7556}") = "ContentPage", "ContentPage\ContentPage.csproj", "{0F0B8B13-7955-469E-923A-1D185064FCAA}"
EndProject
Project("{9A19103F-16F7-4668-BE54-9A1E7A4F7556}") = "ContentUnitTesting", "ContentUnitTesting\ContentUnitTesting.csproj", "{ABC3C840-855F-4115-B7C8-7C725CA340FD}"
EndProject
Project("{9A19103F-16F7-4668-BE54-9A1E7A4F7556}") = "ServerApp", "ServerApp\ServerApp.csproj", "{AE9A6FDB-6240-456A-AFA3-CAEEE1B1E421}"
EndProject
Project("{9A19103F-16F7-4668-BE54-9A1E7A4F7556}") = "ClientApp", "ClientApp\ClientApp.csproj", "{6AF253B3-5352-4389-88B5-53A1F074114E}"
EndProject
Project("{9A19103F-16F7-4668-BE54-9A1E7A4F7556}") = "Analyzer", "Analyzer\Analyzer.csproj", "{20A4A694-E898-4206-8694-05DB3ED8E02B}"
EndProject
Project("{9A19103F-16F7-4668-BE54-9A1E7A4F7556}") = "AnalyzerTests", "AnalyzerTests\AnalyzerTests.csproj", "{0E81FD33-F200-49F5-8B47-DF24F371448F}"
EndProject
Project("{2150E333-8FDC-42A3-9474-1A3956D46DE8}") = "Solution Items", "Solution Items", "{0E17D307-3C65-4C85-B72A-A9C7B5696765}"
	ProjectSection(SolutionItems) = preProject
		Analyzer\DynamicAnalyzer\InvokeCustomAnalyzers.cs = Analyzer\DynamicAnalyzer\InvokeCustomAnalyzers.cs
	EndProjectSection
EndProject
Project("{9A19103F-16F7-4668-BE54-9A1E7A4F7556}") = "ServerlessFunc", "ServerlessFunc\ServerlessFunc.csproj", "{7BDFB42E-7D4E-444A-B1A2-373A01FABD4B}"
EndProject
Project("{9A19103F-16F7-4668-BE54-9A1E7A4F7556}") = "CloudUnitTests", "UnitTests\CloudUnitTests.csproj", "{C1081456-4DB3-4362-84C4-8B684900C8EF}"
EndProject
Project("{9A19103F-16F7-4668-BE54-9A1E7A4F7556}") = "ServerlessFuncUI", "ServerlessFuncUI\ServerlessFuncUI.csproj", "{E6134BD2-471C-4103-95BB-F93023266D16}"
EndProject
Project("{9A19103F-16F7-4668-BE54-9A1E7A4F7556}") = "Cloud_UX", "Cloud_UX\Cloud_UX.csproj", "{98408E0F-37E0-4860-8512-6DF569D68D6A}"
EndProject
Project("{9A19103F-16F7-4668-BE54-9A1E7A4F7556}") = "NetworkingUnitTests", "NetworkingUnitTests\NetworkingUnitTests.csproj", "{330DA808-32E2-4D21-A3A2-439A181EFD3D}"
EndProject
Project("{9A19103F-16F7-4668-BE54-9A1E7A4F7556}") = "DashboardUnitTests", "DashboardViewModelUnitTests\DashboardUnitTests.csproj", "{959F1E1B-37FE-4BEF-9539-53AAABCE2840}"
EndProject
Project("{9A19103F-16F7-4668-BE54-9A1E7A4F7556}") = "DashboardViewModelUnitTests", "DashboardViewModelUnitTests\DashboardViewModelUnitTests.csproj", "{959F1E1B-37FE-4BEF-9539-53AAABCE2840}"
EndProject
Global
	GlobalSection(SolutionConfigurationPlatforms) = preSolution
		Debug|Any CPU = Debug|Any CPU
		Release|Any CPU = Release|Any CPU
	EndGlobalSection
	GlobalSection(ProjectConfigurationPlatforms) = postSolution
		{ED211E1C-6262-4033-8B61-10E3F2315D57}.Debug|Any CPU.ActiveCfg = Debug|Any CPU
		{ED211E1C-6262-4033-8B61-10E3F2315D57}.Debug|Any CPU.Build.0 = Debug|Any CPU
		{ED211E1C-6262-4033-8B61-10E3F2315D57}.Release|Any CPU.ActiveCfg = Release|Any CPU
		{ED211E1C-6262-4033-8B61-10E3F2315D57}.Release|Any CPU.Build.0 = Release|Any CPU
		{3001CA4F-A1DB-41CF-924A-682ED124EFA6}.Debug|Any CPU.ActiveCfg = Debug|Any CPU
		{3001CA4F-A1DB-41CF-924A-682ED124EFA6}.Debug|Any CPU.Build.0 = Debug|Any CPU
		{3001CA4F-A1DB-41CF-924A-682ED124EFA6}.Release|Any CPU.ActiveCfg = Release|Any CPU
		{3001CA4F-A1DB-41CF-924A-682ED124EFA6}.Release|Any CPU.Build.0 = Release|Any CPU
		{917A7C83-2814-4FD6-8268-6D2D059864AB}.Debug|Any CPU.ActiveCfg = Debug|Any CPU
		{917A7C83-2814-4FD6-8268-6D2D059864AB}.Debug|Any CPU.Build.0 = Debug|Any CPU
		{917A7C83-2814-4FD6-8268-6D2D059864AB}.Release|Any CPU.ActiveCfg = Release|Any CPU
		{917A7C83-2814-4FD6-8268-6D2D059864AB}.Release|Any CPU.Build.0 = Release|Any CPU
		{8BF88730-A8FF-490D-AAA5-CE88EC838675}.Debug|Any CPU.ActiveCfg = Debug|Any CPU
		{8BF88730-A8FF-490D-AAA5-CE88EC838675}.Debug|Any CPU.Build.0 = Debug|Any CPU
		{8BF88730-A8FF-490D-AAA5-CE88EC838675}.Release|Any CPU.ActiveCfg = Release|Any CPU
		{8BF88730-A8FF-490D-AAA5-CE88EC838675}.Release|Any CPU.Build.0 = Release|Any CPU
		{0AAC81B1-DC6C-4541-B20B-CBB5CF5DADDE}.Debug|Any CPU.ActiveCfg = Debug|Any CPU
		{0AAC81B1-DC6C-4541-B20B-CBB5CF5DADDE}.Debug|Any CPU.Build.0 = Debug|Any CPU
		{0AAC81B1-DC6C-4541-B20B-CBB5CF5DADDE}.Release|Any CPU.ActiveCfg = Release|Any CPU
		{0AAC81B1-DC6C-4541-B20B-CBB5CF5DADDE}.Release|Any CPU.Build.0 = Release|Any CPU
		{0F0B8B13-7955-469E-923A-1D185064FCAA}.Debug|Any CPU.ActiveCfg = Debug|Any CPU
		{0F0B8B13-7955-469E-923A-1D185064FCAA}.Debug|Any CPU.Build.0 = Debug|Any CPU
		{0F0B8B13-7955-469E-923A-1D185064FCAA}.Release|Any CPU.ActiveCfg = Release|Any CPU
		{0F0B8B13-7955-469E-923A-1D185064FCAA}.Release|Any CPU.Build.0 = Release|Any CPU
		{ABC3C840-855F-4115-B7C8-7C725CA340FD}.Debug|Any CPU.ActiveCfg = Debug|Any CPU
		{ABC3C840-855F-4115-B7C8-7C725CA340FD}.Debug|Any CPU.Build.0 = Debug|Any CPU
		{ABC3C840-855F-4115-B7C8-7C725CA340FD}.Release|Any CPU.ActiveCfg = Release|Any CPU
		{ABC3C840-855F-4115-B7C8-7C725CA340FD}.Release|Any CPU.Build.0 = Release|Any CPU
		{AE9A6FDB-6240-456A-AFA3-CAEEE1B1E421}.Debug|Any CPU.ActiveCfg = Debug|Any CPU
		{AE9A6FDB-6240-456A-AFA3-CAEEE1B1E421}.Debug|Any CPU.Build.0 = Debug|Any CPU
		{AE9A6FDB-6240-456A-AFA3-CAEEE1B1E421}.Release|Any CPU.ActiveCfg = Release|Any CPU
		{AE9A6FDB-6240-456A-AFA3-CAEEE1B1E421}.Release|Any CPU.Build.0 = Release|Any CPU
		{6AF253B3-5352-4389-88B5-53A1F074114E}.Debug|Any CPU.ActiveCfg = Debug|Any CPU
		{6AF253B3-5352-4389-88B5-53A1F074114E}.Debug|Any CPU.Build.0 = Debug|Any CPU
		{6AF253B3-5352-4389-88B5-53A1F074114E}.Release|Any CPU.ActiveCfg = Release|Any CPU
		{6AF253B3-5352-4389-88B5-53A1F074114E}.Release|Any CPU.Build.0 = Release|Any CPU
		{20A4A694-E898-4206-8694-05DB3ED8E02B}.Debug|Any CPU.ActiveCfg = Debug|Any CPU
		{20A4A694-E898-4206-8694-05DB3ED8E02B}.Debug|Any CPU.Build.0 = Debug|Any CPU
		{20A4A694-E898-4206-8694-05DB3ED8E02B}.Release|Any CPU.ActiveCfg = Release|Any CPU
		{20A4A694-E898-4206-8694-05DB3ED8E02B}.Release|Any CPU.Build.0 = Release|Any CPU
		{0E81FD33-F200-49F5-8B47-DF24F371448F}.Debug|Any CPU.ActiveCfg = Debug|Any CPU
		{0E81FD33-F200-49F5-8B47-DF24F371448F}.Debug|Any CPU.Build.0 = Debug|Any CPU
		{0E81FD33-F200-49F5-8B47-DF24F371448F}.Release|Any CPU.ActiveCfg = Release|Any CPU
		{0E81FD33-F200-49F5-8B47-DF24F371448F}.Release|Any CPU.Build.0 = Release|Any CPU
		{7BDFB42E-7D4E-444A-B1A2-373A01FABD4B}.Debug|Any CPU.ActiveCfg = Debug|Any CPU
		{7BDFB42E-7D4E-444A-B1A2-373A01FABD4B}.Debug|Any CPU.Build.0 = Debug|Any CPU
		{7BDFB42E-7D4E-444A-B1A2-373A01FABD4B}.Release|Any CPU.ActiveCfg = Release|Any CPU
		{7BDFB42E-7D4E-444A-B1A2-373A01FABD4B}.Release|Any CPU.Build.0 = Release|Any CPU
		{C1081456-4DB3-4362-84C4-8B684900C8EF}.Debug|Any CPU.ActiveCfg = Debug|Any CPU
		{C1081456-4DB3-4362-84C4-8B684900C8EF}.Debug|Any CPU.Build.0 = Debug|Any CPU
		{C1081456-4DB3-4362-84C4-8B684900C8EF}.Release|Any CPU.ActiveCfg = Release|Any CPU
		{C1081456-4DB3-4362-84C4-8B684900C8EF}.Release|Any CPU.Build.0 = Release|Any CPU
		{E6134BD2-471C-4103-95BB-F93023266D16}.Debug|Any CPU.ActiveCfg = Debug|Any CPU
		{E6134BD2-471C-4103-95BB-F93023266D16}.Debug|Any CPU.Build.0 = Debug|Any CPU
		{E6134BD2-471C-4103-95BB-F93023266D16}.Release|Any CPU.ActiveCfg = Release|Any CPU
		{E6134BD2-471C-4103-95BB-F93023266D16}.Release|Any CPU.Build.0 = Release|Any CPU
		{98408E0F-37E0-4860-8512-6DF569D68D6A}.Debug|Any CPU.ActiveCfg = Debug|Any CPU
		{98408E0F-37E0-4860-8512-6DF569D68D6A}.Debug|Any CPU.Build.0 = Debug|Any CPU
		{98408E0F-37E0-4860-8512-6DF569D68D6A}.Release|Any CPU.ActiveCfg = Release|Any CPU
		{98408E0F-37E0-4860-8512-6DF569D68D6A}.Release|Any CPU.Build.0 = Release|Any CPU
		{330DA808-32E2-4D21-A3A2-439A181EFD3D}.Debug|Any CPU.ActiveCfg = Debug|Any CPU
		{330DA808-32E2-4D21-A3A2-439A181EFD3D}.Debug|Any CPU.Build.0 = Debug|Any CPU
		{330DA808-32E2-4D21-A3A2-439A181EFD3D}.Release|Any CPU.ActiveCfg = Release|Any CPU
		{330DA808-32E2-4D21-A3A2-439A181EFD3D}.Release|Any CPU.Build.0 = Release|Any CPU
		{959F1E1B-37FE-4BEF-9539-53AAABCE2840}.Debug|Any CPU.ActiveCfg = Debug|Any CPU
		{959F1E1B-37FE-4BEF-9539-53AAABCE2840}.Debug|Any CPU.Build.0 = Debug|Any CPU
		{959F1E1B-37FE-4BEF-9539-53AAABCE2840}.Release|Any CPU.ActiveCfg = Release|Any CPU
		{959F1E1B-37FE-4BEF-9539-53AAABCE2840}.Release|Any CPU.Build.0 = Release|Any CPU
	EndGlobalSection
	GlobalSection(SolutionProperties) = preSolution
		HideSolutionNode = FALSE
	EndGlobalSection
	GlobalSection(ExtensibilityGlobals) = postSolution
		SolutionGuid = {9B2EDAD3-68A2-4B4D-B472-E79F2ED5CEEE}
	EndGlobalSection
EndGlobal
